// !$*UTF8*$!
{
	archiveVersion = 1;
	classes = {
	};
	objectVersion = 56;
	objects = {

/* Begin PBXBuildFile section */
		BB38982E2CA293E900FD6394 /* SearchOptionView.swift in Sources */ = {isa = PBXBuildFile; fileRef = BB38982D2CA293E900FD6394 /* SearchOptionView.swift */; };
		BB3898302CA2940600FD6394 /* SearchBarView.swift in Sources */ = {isa = PBXBuildFile; fileRef = BB38982F2CA2940600FD6394 /* SearchBarView.swift */; };
		BB3898322CA2941E00FD6394 /* PlaceListView.swift in Sources */ = {isa = PBXBuildFile; fileRef = BB3898312CA2941E00FD6394 /* PlaceListView.swift */; };
		BB3898342CA29CED00FD6394 /* MeasurementFormatter.swift in Sources */ = {isa = PBXBuildFile; fileRef = BB3898332CA29CED00FD6394 /* MeasurementFormatter.swift */; };
		BB3898362CA3278600FD6394 /* SelectedPlaceDetailView.swift in Sources */ = {isa = PBXBuildFile; fileRef = BB3898352CA3278600FD6394 /* SelectedPlaceDetailView.swift */; };
		BB6572E02C9D5158007FD9AB /* MKCoordinateRegion.swift in Sources */ = {isa = PBXBuildFile; fileRef = BB6572DF2C9D5135007FD9AB /* MKCoordinateRegion.swift */; };
		BB6572E22C9D515F007FD9AB /* buffer.txt in Resources */ = {isa = PBXBuildFile; fileRef = BB6572E12C9D515F007FD9AB /* buffer.txt */; };
		BB7CE35D2C9B15B100D38F2F /* NearMeApp.swift in Sources */ = {isa = PBXBuildFile; fileRef = BB7CE35C2C9B15B100D38F2F /* NearMeApp.swift */; };
		BB7CE35F2C9B15B100D38F2F /* ContentView.swift in Sources */ = {isa = PBXBuildFile; fileRef = BB7CE35E2C9B15B100D38F2F /* ContentView.swift */; };
		BB7CE3612C9B15B200D38F2F /* Assets.xcassets in Resources */ = {isa = PBXBuildFile; fileRef = BB7CE3602C9B15B200D38F2F /* Assets.xcassets */; };
		BB7CE3642C9B15B200D38F2F /* Preview Assets.xcassets in Resources */ = {isa = PBXBuildFile; fileRef = BB7CE3632C9B15B200D38F2F /* Preview Assets.xcassets */; };
		BB7CE36C2C9B3E1500D38F2F /* LocationManager.swift in Sources */ = {isa = PBXBuildFile; fileRef = BB7CE36B2C9B3E1500D38F2F /* LocationManager.swift */; };
		BBEA41D02CA08B1A00E07ADE /* MapUtilities.swift in Sources */ = {isa = PBXBuildFile; fileRef = BBEA41CF2CA08B1A00E07ADE /* MapUtilities.swift */; };
		BBEA41D32CA09A5900E07ADE /* PlaceView.swift in Sources */ = {isa = PBXBuildFile; fileRef = BBEA41D22CA09A5900E07ADE /* PlaceView.swift */; };
		BBEA41D52CA0A57C00E07ADE /* PreviewData.swift in Sources */ = {isa = PBXBuildFile; fileRef = BBEA41D42CA0A57C00E07ADE /* PreviewData.swift */; };
/* End PBXBuildFile section */

/* Begin PBXFileReference section */
		BB38982D2CA293E900FD6394 /* SearchOptionView.swift */ = {isa = PBXFileReference; lastKnownFileType = sourcecode.swift; path = SearchOptionView.swift; sourceTree = "<group>"; };
		BB38982F2CA2940600FD6394 /* SearchBarView.swift */ = {isa = PBXFileReference; lastKnownFileType = sourcecode.swift; path = SearchBarView.swift; sourceTree = "<group>"; };
		BB3898312CA2941E00FD6394 /* PlaceListView.swift */ = {isa = PBXFileReference; lastKnownFileType = sourcecode.swift; path = PlaceListView.swift; sourceTree = "<group>"; };
		BB3898332CA29CED00FD6394 /* MeasurementFormatter.swift */ = {isa = PBXFileReference; lastKnownFileType = sourcecode.swift; path = MeasurementFormatter.swift; sourceTree = "<group>"; };
		BB3898352CA3278600FD6394 /* SelectedPlaceDetailView.swift */ = {isa = PBXFileReference; lastKnownFileType = sourcecode.swift; path = SelectedPlaceDetailView.swift; sourceTree = "<group>"; };
		BB6572DF2C9D5135007FD9AB /* MKCoordinateRegion.swift */ = {isa = PBXFileReference; lastKnownFileType = sourcecode.swift; path = MKCoordinateRegion.swift; sourceTree = "<group>"; };
		BB6572E12C9D515F007FD9AB /* buffer.txt */ = {isa = PBXFileReference; lastKnownFileType = text; path = buffer.txt; sourceTree = "<group>"; };
		BB7CE3592C9B15B100D38F2F /* NearMe.app */ = {isa = PBXFileReference; explicitFileType = wrapper.application; includeInIndex = 0; path = NearMe.app; sourceTree = BUILT_PRODUCTS_DIR; };
		BB7CE35C2C9B15B100D38F2F /* NearMeApp.swift */ = {isa = PBXFileReference; lastKnownFileType = sourcecode.swift; path = NearMeApp.swift; sourceTree = "<group>"; };
		BB7CE35E2C9B15B100D38F2F /* ContentView.swift */ = {isa = PBXFileReference; lastKnownFileType = sourcecode.swift; path = ContentView.swift; sourceTree = "<group>"; };
		BB7CE3602C9B15B200D38F2F /* Assets.xcassets */ = {isa = PBXFileReference; lastKnownFileType = folder.assetcatalog; path = Assets.xcassets; sourceTree = "<group>"; };
		BB7CE3632C9B15B200D38F2F /* Preview Assets.xcassets */ = {isa = PBXFileReference; lastKnownFileType = folder.assetcatalog; path = "Preview Assets.xcassets"; sourceTree = "<group>"; };
		BB7CE36B2C9B3E1500D38F2F /* LocationManager.swift */ = {isa = PBXFileReference; lastKnownFileType = sourcecode.swift; path = LocationManager.swift; sourceTree = "<group>"; };
		BBEA41CF2CA08B1A00E07ADE /* MapUtilities.swift */ = {isa = PBXFileReference; lastKnownFileType = sourcecode.swift; path = MapUtilities.swift; sourceTree = "<group>"; };
		BBEA41D22CA09A5900E07ADE /* PlaceView.swift */ = {isa = PBXFileReference; lastKnownFileType = sourcecode.swift; path = PlaceView.swift; sourceTree = "<group>"; };
		BBEA41D42CA0A57C00E07ADE /* PreviewData.swift */ = {isa = PBXFileReference; lastKnownFileType = sourcecode.swift; path = PreviewData.swift; sourceTree = "<group>"; };
/* End PBXFileReference section */

/* Begin PBXFrameworksBuildPhase section */
		BB7CE3562C9B15B100D38F2F /* Frameworks */ = {
			isa = PBXFrameworksBuildPhase;
			buildActionMask = 2147483647;
			files = (
			);
			runOnlyForDeploymentPostprocessing = 0;
		};
/* End PBXFrameworksBuildPhase section */

/* Begin PBXGroup section */
		BB6572DE2C9D5122007FD9AB /* Extenshion */ = {
			isa = PBXGroup;
			children = (
				BB6572DF2C9D5135007FD9AB /* MKCoordinateRegion.swift */,
				BB3898332CA29CED00FD6394 /* MeasurementFormatter.swift */,
			);
			path = Extenshion;
			sourceTree = "<group>";
		};
		BB7CE3502C9B15B100D38F2F = {
			isa = PBXGroup;
			children = (
				BB7CE35B2C9B15B100D38F2F /* NearMe */,
				BB7CE35A2C9B15B100D38F2F /* Products */,
			);
			sourceTree = "<group>";
		};
		BB7CE35A2C9B15B100D38F2F /* Products */ = {
			isa = PBXGroup;
			children = (
				BB7CE3592C9B15B100D38F2F /* NearMe.app */,
			);
			name = Products;
			sourceTree = "<group>";
		};
		BB7CE35B2C9B15B100D38F2F /* NearMe */ = {
			isa = PBXGroup;
			children = (
				BBEA41D12CA09A3F00E07ADE /* Views */,
				BBEA41CE2CA08ACC00E07ADE /* Utils */,
				BB6572E12C9D515F007FD9AB /* buffer.txt */,
				BB6572DE2C9D5122007FD9AB /* Extenshion */,
				BB7CE36A2C9B3DFF00D38F2F /* Managers */,
				BB7CE35C2C9B15B100D38F2F /* NearMeApp.swift */,
				BB7CE35E2C9B15B100D38F2F /* ContentView.swift */,
				BB7CE3602C9B15B200D38F2F /* Assets.xcassets */,
				BB7CE3622C9B15B200D38F2F /* Preview Content */,
			);
			path = NearMe;
			sourceTree = "<group>";
		};
		BB7CE3622C9B15B200D38F2F /* Preview Content */ = {
			isa = PBXGroup;
			children = (
				BB7CE3632C9B15B200D38F2F /* Preview Assets.xcassets */,
				BBEA41D42CA0A57C00E07ADE /* PreviewData.swift */,
			);
			path = "Preview Content";
			sourceTree = "<group>";
		};
		BB7CE36A2C9B3DFF00D38F2F /* Managers */ = {
			isa = PBXGroup;
			children = (
				BB7CE36B2C9B3E1500D38F2F /* LocationManager.swift */,
			);
			path = Managers;
			sourceTree = "<group>";
		};
		BBEA41CE2CA08ACC00E07ADE /* Utils */ = {
			isa = PBXGroup;
			children = (
				BBEA41CF2CA08B1A00E07ADE /* MapUtilities.swift */,
			);
			path = Utils;
			sourceTree = "<group>";
		};
		BBEA41D12CA09A3F00E07ADE /* Views */ = {
			isa = PBXGroup;
			children = (
				BBEA41D22CA09A5900E07ADE /* PlaceView.swift */,
				BB38982D2CA293E900FD6394 /* SearchOptionView.swift */,
				BB38982F2CA2940600FD6394 /* SearchBarView.swift */,
				BB3898312CA2941E00FD6394 /* PlaceListView.swift */,
				BB3898352CA3278600FD6394 /* SelectedPlaceDetailView.swift */,
			);
			path = Views;
			sourceTree = "<group>";
		};
/* End PBXGroup section */

/* Begin PBXNativeTarget section */
		BB7CE3582C9B15B100D38F2F /* NearMe */ = {
			isa = PBXNativeTarget;
			buildConfigurationList = BB7CE3672C9B15B200D38F2F /* Build configuration list for PBXNativeTarget "NearMe" */;
			buildPhases = (
				BB7CE3552C9B15B100D38F2F /* Sources */,
				BB7CE3562C9B15B100D38F2F /* Frameworks */,
				BB7CE3572C9B15B100D38F2F /* Resources */,
			);
			buildRules = (
			);
			dependencies = (
			);
			name = NearMe;
			productName = NearMe;
			productReference = BB7CE3592C9B15B100D38F2F /* NearMe.app */;
			productType = "com.apple.product-type.application";
		};
/* End PBXNativeTarget section */

/* Begin PBXProject section */
		BB7CE3512C9B15B100D38F2F /* Project object */ = {
			isa = PBXProject;
			attributes = {
				BuildIndependentTargetsInParallel = 1;
				LastSwiftUpdateCheck = 1540;
				LastUpgradeCheck = 1540;
				TargetAttributes = {
					BB7CE3582C9B15B100D38F2F = {
						CreatedOnToolsVersion = 15.4;
					};
				};
			};
			buildConfigurationList = BB7CE3542C9B15B100D38F2F /* Build configuration list for PBXProject "NearMe" */;
			compatibilityVersion = "Xcode 14.0";
			developmentRegion = en;
			hasScannedForEncodings = 0;
			knownRegions = (
				en,
				Base,
			);
			mainGroup = BB7CE3502C9B15B100D38F2F;
			productRefGroup = BB7CE35A2C9B15B100D38F2F /* Products */;
			projectDirPath = "";
			projectRoot = "";
			targets = (
				BB7CE3582C9B15B100D38F2F /* NearMe */,
			);
		};
/* End PBXProject section */

/* Begin PBXResourcesBuildPhase section */
		BB7CE3572C9B15B100D38F2F /* Resources */ = {
			isa = PBXResourcesBuildPhase;
			buildActionMask = 2147483647;
			files = (
				BB7CE3642C9B15B200D38F2F /* Preview Assets.xcassets in Resources */,
				BB7CE3612C9B15B200D38F2F /* Assets.xcassets in Resources */,
				BB6572E22C9D515F007FD9AB /* buffer.txt in Resources */,
			);
			runOnlyForDeploymentPostprocessing = 0;
		};
/* End PBXResourcesBuildPhase section */

/* Begin PBXSourcesBuildPhase section */
		BB7CE3552C9B15B100D38F2F /* Sources */ = {
			isa = PBXSourcesBuildPhase;
			buildActionMask = 2147483647;
			files = (
				BBEA41D32CA09A5900E07ADE /* PlaceView.swift in Sources */,
				BB3898302CA2940600FD6394 /* SearchBarView.swift in Sources */,
				BB3898322CA2941E00FD6394 /* PlaceListView.swift in Sources */,
				BB7CE35F2C9B15B100D38F2F /* ContentView.swift in Sources */,
				BB3898362CA3278600FD6394 /* SelectedPlaceDetailView.swift in Sources */,
				BB7CE35D2C9B15B100D38F2F /* NearMeApp.swift in Sources */,
				BB3898342CA29CED00FD6394 /* MeasurementFormatter.swift in Sources */,
				BB38982E2CA293E900FD6394 /* SearchOptionView.swift in Sources */,
				BB7CE36C2C9B3E1500D38F2F /* LocationManager.swift in Sources */,
				BBEA41D52CA0A57C00E07ADE /* PreviewData.swift in Sources */,
				BBEA41D02CA08B1A00E07ADE /* MapUtilities.swift in Sources */,
				BB6572E02C9D5158007FD9AB /* MKCoordinateRegion.swift in Sources */,
			);
			runOnlyForDeploymentPostprocessing = 0;
		};
/* End PBXSourcesBuildPhase section */

/* Begin XCBuildConfiguration section */
		BB7CE3652C9B15B200D38F2F /* Debug */ = {
			isa = XCBuildConfiguration;
			buildSettings = {
				ALWAYS_SEARCH_USER_PATHS = NO;
				ASSETCATALOG_COMPILER_GENERATE_SWIFT_ASSET_SYMBOL_EXTENSIONS = YES;
				CLANG_ANALYZER_NONNULL = YES;
				CLANG_ANALYZER_NUMBER_OBJECT_CONVERSION = YES_AGGRESSIVE;
				CLANG_CXX_LANGUAGE_STANDARD = "gnu++20";
				CLANG_ENABLE_MODULES = YES;
				CLANG_ENABLE_OBJC_ARC = YES;
				CLANG_ENABLE_OBJC_WEAK = YES;
				CLANG_WARN_BLOCK_CAPTURE_AUTORELEASING = YES;
				CLANG_WARN_BOOL_CONVERSION = YES;
				CLANG_WARN_COMMA = YES;
				CLANG_WARN_CONSTANT_CONVERSION = YES;
				CLANG_WARN_DEPRECATED_OBJC_IMPLEMENTATIONS = YES;
				CLANG_WARN_DIRECT_OBJC_ISA_USAGE = YES_ERROR;
				CLANG_WARN_DOCUMENTATION_COMMENTS = YES;
				CLANG_WARN_EMPTY_BODY = YES;
				CLANG_WARN_ENUM_CONVERSION = YES;
				CLANG_WARN_INFINITE_RECURSION = YES;
				CLANG_WARN_INT_CONVERSION = YES;
				CLANG_WARN_NON_LITERAL_NULL_CONVERSION = YES;
				CLANG_WARN_OBJC_IMPLICIT_RETAIN_SELF = YES;
				CLANG_WARN_OBJC_LITERAL_CONVERSION = YES;
				CLANG_WARN_OBJC_ROOT_CLASS = YES_ERROR;
				CLANG_WARN_QUOTED_INCLUDE_IN_FRAMEWORK_HEADER = YES;
				CLANG_WARN_RANGE_LOOP_ANALYSIS = YES;
				CLANG_WARN_STRICT_PROTOTYPES = YES;
				CLANG_WARN_SUSPICIOUS_MOVE = YES;
				CLANG_WARN_UNGUARDED_AVAILABILITY = YES_AGGRESSIVE;
				CLANG_WARN_UNREACHABLE_CODE = YES;
				CLANG_WARN__DUPLICATE_METHOD_MATCH = YES;
				COPY_PHASE_STRIP = NO;
				DEBUG_INFORMATION_FORMAT = dwarf;
				ENABLE_STRICT_OBJC_MSGSEND = YES;
				ENABLE_TESTABILITY = YES;
				ENABLE_USER_SCRIPT_SANDBOXING = YES;
				GCC_C_LANGUAGE_STANDARD = gnu17;
				GCC_DYNAMIC_NO_PIC = NO;
				GCC_NO_COMMON_BLOCKS = YES;
				GCC_OPTIMIZATION_LEVEL = 0;
				GCC_PREPROCESSOR_DEFINITIONS = (
					"DEBUG=1",
					"$(inherited)",
				);
				GCC_WARN_64_TO_32_BIT_CONVERSION = YES;
				GCC_WARN_ABOUT_RETURN_TYPE = YES_ERROR;
				GCC_WARN_UNDECLARED_SELECTOR = YES;
				GCC_WARN_UNINITIALIZED_AUTOS = YES_AGGRESSIVE;
				GCC_WARN_UNUSED_FUNCTION = YES;
				GCC_WARN_UNUSED_VARIABLE = YES;
				IPHONEOS_DEPLOYMENT_TARGET = 17.5;
				LOCALIZATION_PREFERS_STRING_CATALOGS = YES;
				MTL_ENABLE_DEBUG_INFO = INCLUDE_SOURCE;
				MTL_FAST_MATH = YES;
				ONLY_ACTIVE_ARCH = YES;
				SDKROOT = iphoneos;
				SWIFT_ACTIVE_COMPILATION_CONDITIONS = "DEBUG $(inherited)";
				SWIFT_OPTIMIZATION_LEVEL = "-Onone";
			};
			name = Debug;
		};
		BB7CE3662C9B15B200D38F2F /* Release */ = {
			isa = XCBuildConfiguration;
			buildSettings = {
				ALWAYS_SEARCH_USER_PATHS = NO;
				ASSETCATALOG_COMPILER_GENERATE_SWIFT_ASSET_SYMBOL_EXTENSIONS = YES;
				CLANG_ANALYZER_NONNULL = YES;
				CLANG_ANALYZER_NUMBER_OBJECT_CONVERSION = YES_AGGRESSIVE;
				CLANG_CXX_LANGUAGE_STANDARD = "gnu++20";
				CLANG_ENABLE_MODULES = YES;
				CLANG_ENABLE_OBJC_ARC = YES;
				CLANG_ENABLE_OBJC_WEAK = YES;
				CLANG_WARN_BLOCK_CAPTURE_AUTORELEASING = YES;
				CLANG_WARN_BOOL_CONVERSION = YES;
				CLANG_WARN_COMMA = YES;
				CLANG_WARN_CONSTANT_CONVERSION = YES;
				CLANG_WARN_DEPRECATED_OBJC_IMPLEMENTATIONS = YES;
				CLANG_WARN_DIRECT_OBJC_ISA_USAGE = YES_ERROR;
				CLANG_WARN_DOCUMENTATION_COMMENTS = YES;
				CLANG_WARN_EMPTY_BODY = YES;
				CLANG_WARN_ENUM_CONVERSION = YES;
				CLANG_WARN_INFINITE_RECURSION = YES;
				CLANG_WARN_INT_CONVERSION = YES;
				CLANG_WARN_NON_LITERAL_NULL_CONVERSION = YES;
				CLANG_WARN_OBJC_IMPLICIT_RETAIN_SELF = YES;
				CLANG_WARN_OBJC_LITERAL_CONVERSION = YES;
				CLANG_WARN_OBJC_ROOT_CLASS = YES_ERROR;
				CLANG_WARN_QUOTED_INCLUDE_IN_FRAMEWORK_HEADER = YES;
				CLANG_WARN_RANGE_LOOP_ANALYSIS = YES;
				CLANG_WARN_STRICT_PROTOTYPES = YES;
				CLANG_WARN_SUSPICIOUS_MOVE = YES;
				CLANG_WARN_UNGUARDED_AVAILABILITY = YES_AGGRESSIVE;
				CLANG_WARN_UNREACHABLE_CODE = YES;
				CLANG_WARN__DUPLICATE_METHOD_MATCH = YES;
				COPY_PHASE_STRIP = NO;
				DEBUG_INFORMATION_FORMAT = "dwarf-with-dsym";
				ENABLE_NS_ASSERTIONS = NO;
				ENABLE_STRICT_OBJC_MSGSEND = YES;
				ENABLE_USER_SCRIPT_SANDBOXING = YES;
				GCC_C_LANGUAGE_STANDARD = gnu17;
				GCC_NO_COMMON_BLOCKS = YES;
				GCC_WARN_64_TO_32_BIT_CONVERSION = YES;
				GCC_WARN_ABOUT_RETURN_TYPE = YES_ERROR;
				GCC_WARN_UNDECLARED_SELECTOR = YES;
				GCC_WARN_UNINITIALIZED_AUTOS = YES_AGGRESSIVE;
				GCC_WARN_UNUSED_FUNCTION = YES;
				GCC_WARN_UNUSED_VARIABLE = YES;
				IPHONEOS_DEPLOYMENT_TARGET = 17.5;
				LOCALIZATION_PREFERS_STRING_CATALOGS = YES;
				MTL_ENABLE_DEBUG_INFO = NO;
				MTL_FAST_MATH = YES;
				SDKROOT = iphoneos;
				SWIFT_COMPILATION_MODE = wholemodule;
				VALIDATE_PRODUCT = YES;
			};
			name = Release;
		};
		BB7CE3682C9B15B200D38F2F /* Debug */ = {
			isa = XCBuildConfiguration;
			buildSettings = {
				ASSETCATALOG_COMPILER_APPICON_NAME = AppIcon;
				ASSETCATALOG_COMPILER_GLOBAL_ACCENT_COLOR_NAME = AccentColor;
				CODE_SIGN_STYLE = Automatic;
				CURRENT_PROJECT_VERSION = 1;
				DEVELOPMENT_ASSET_PATHS = "\"NearMe/Preview Content\"";
				DEVELOPMENT_TEAM = 57U4VWL7LG;
				ENABLE_PREVIEWS = YES;
				GENERATE_INFOPLIST_FILE = YES;
				INFOPLIST_KEY_NSLocationWhenInUseUsageDescription = "NearMe app requires  your location to work.";
				INFOPLIST_KEY_UIApplicationSceneManifest_Generation = YES;
				INFOPLIST_KEY_UIApplicationSupportsIndirectInputEvents = YES;
				INFOPLIST_KEY_UILaunchScreen_Generation = YES;
				INFOPLIST_KEY_UISupportedInterfaceOrientations_iPad = "UIInterfaceOrientationPortrait UIInterfaceOrientationPortraitUpsideDown UIInterfaceOrientationLandscapeLeft UIInterfaceOrientationLandscapeRight";
				INFOPLIST_KEY_UISupportedInterfaceOrientations_iPhone = "UIInterfaceOrientationPortrait UIInterfaceOrientationLandscapeLeft UIInterfaceOrientationLandscapeRight";
				LD_RUNPATH_SEARCH_PATHS = (
					"$(inherited)",
					"@executable_path/Frameworks",
				);
				MARKETING_VERSION = 1.0;
				PRODUCT_BUNDLE_IDENTIFIER = com.karthik.NearMe;
				PRODUCT_NAME = "$(TARGET_NAME)";
				SWIFT_EMIT_LOC_STRINGS = YES;
				SWIFT_VERSION = 5.0;
				TARGETED_DEVICE_FAMILY = "1,2";
			};
			name = Debug;
		};
		BB7CE3692C9B15B200D38F2F /* Release */ = {
			isa = XCBuildConfiguration;
			buildSettings = {
				ASSETCATALOG_COMPILER_APPICON_NAME = AppIcon;
				ASSETCATALOG_COMPILER_GLOBAL_ACCENT_COLOR_NAME = AccentColor;
				CODE_SIGN_STYLE = Automatic;
				CURRENT_PROJECT_VERSION = 1;
				DEVELOPMENT_ASSET_PATHS = "\"NearMe/Preview Content\"";
				DEVELOPMENT_TEAM = 57U4VWL7LG;
				ENABLE_PREVIEWS = YES;
				GENERATE_INFOPLIST_FILE = YES;
				INFOPLIST_KEY_NSLocationWhenInUseUsageDescription = "NearMe app requires  your location to work.";
				INFOPLIST_KEY_UIApplicationSceneManifest_Generation = YES;
				INFOPLIST_KEY_UIApplicationSupportsIndirectInputEvents = YES;
				INFOPLIST_KEY_UILaunchScreen_Generation = YES;
				INFOPLIST_KEY_UISupportedInterfaceOrientations_iPad = "UIInterfaceOrientationPortrait UIInterfaceOrientationPortraitUpsideDown UIInterfaceOrientationLandscapeLeft UIInterfaceOrientationLandscapeRight";
				INFOPLIST_KEY_UISupportedInterfaceOrientations_iPhone = "UIInterfaceOrientationPortrait UIInterfaceOrientationLandscapeLeft UIInterfaceOrientationLandscapeRight";
				LD_RUNPATH_SEARCH_PATHS = (
					"$(inherited)",
					"@executable_path/Frameworks",
				);
				MARKETING_VERSION = 1.0;
				PRODUCT_BUNDLE_IDENTIFIER = com.karthik.NearMe;
				PRODUCT_NAME = "$(TARGET_NAME)";
				SWIFT_EMIT_LOC_STRINGS = YES;
				SWIFT_VERSION = 5.0;
				TARGETED_DEVICE_FAMILY = "1,2";
			};
			name = Release;
		};
/* End XCBuildConfiguration section */

/* Begin XCConfigurationList section */
		BB7CE3542C9B15B100D38F2F /* Build configuration list for PBXProject "NearMe" */ = {
			isa = XCConfigurationList;
			buildConfigurations = (
				BB7CE3652C9B15B200D38F2F /* Debug */,
				BB7CE3662C9B15B200D38F2F /* Release */,
			);
			defaultConfigurationIsVisible = 0;
			defaultConfigurationName = Release;
		};
		BB7CE3672C9B15B200D38F2F /* Build configuration list for PBXNativeTarget "NearMe" */ = {
			isa = XCConfigurationList;
			buildConfigurations = (
				BB7CE3682C9B15B200D38F2F /* Debug */,
				BB7CE3692C9B15B200D38F2F /* Release */,
			);
			defaultConfigurationIsVisible = 0;
			defaultConfigurationName = Release;
		};
/* End XCConfigurationList section */
	};
	rootObject = BB7CE3512C9B15B100D38F2F /* Project object */;
}
